// !$*UTF8*$!
{
	archiveVersion = 1;
	classes = {
	};
	objectVersion = 46;
	objects = {

/* Begin PBXBuildFile section */
		731FDA0417DC4A8E0085EF1F /* NLScorePrivate.m in Sources */ = {isa = PBXBuildFile; fileRef = 731FDA0317DC4A8E0085EF1F /* NLScorePrivate.m */; };
		731FDA0717DC54270085EF1F /* NLTable.m in Sources */ = {isa = PBXBuildFile; fileRef = 731FDA0617DC54270085EF1F /* NLTable.m */; };
		731FDA0A17DC5D8B0085EF1F /* NLDataFormatter.m in Sources */ = {isa = PBXBuildFile; fileRef = 731FDA0917DC5D8B0085EF1F /* NLDataFormatter.m */; };
		736FCD5017DBC929005E55CB /* UIKit.framework in Frameworks */ = {isa = PBXBuildFile; fileRef = 736FCD4F17DBC929005E55CB /* UIKit.framework */; };
		736FCD5217DBC929005E55CB /* Foundation.framework in Frameworks */ = {isa = PBXBuildFile; fileRef = 736FCD5117DBC929005E55CB /* Foundation.framework */; };
		736FCD5417DBC929005E55CB /* CoreGraphics.framework in Frameworks */ = {isa = PBXBuildFile; fileRef = 736FCD5317DBC929005E55CB /* CoreGraphics.framework */; };
		736FCD5A17DBC92A005E55CB /* InfoPlist.strings in Resources */ = {isa = PBXBuildFile; fileRef = 736FCD5817DBC92A005E55CB /* InfoPlist.strings */; };
		736FCD5C17DBC92A005E55CB /* main.m in Sources */ = {isa = PBXBuildFile; fileRef = 736FCD5B17DBC92A005E55CB /* main.m */; };
		736FCD6017DBC92A005E55CB /* AppDelegate.m in Sources */ = {isa = PBXBuildFile; fileRef = 736FCD5F17DBC92A005E55CB /* AppDelegate.m */; };
		736FCD6217DBC92A005E55CB /* Default.png in Resources */ = {isa = PBXBuildFile; fileRef = 736FCD6117DBC92A005E55CB /* Default.png */; };
		736FCD6417DBC92A005E55CB /* Default@2x.png in Resources */ = {isa = PBXBuildFile; fileRef = 736FCD6317DBC92A005E55CB /* Default@2x.png */; };
		736FCD6617DBC92A005E55CB /* Default-568h@2x.png in Resources */ = {isa = PBXBuildFile; fileRef = 736FCD6517DBC92A005E55CB /* Default-568h@2x.png */; };
		736FCD6917DBC92A005E55CB /* ViewController.m in Sources */ = {isa = PBXBuildFile; fileRef = 736FCD6817DBC92A005E55CB /* ViewController.m */; };
		736FCD6C17DBC92A005E55CB /* ViewController_iPhone.xib in Resources */ = {isa = PBXBuildFile; fileRef = 736FCD6A17DBC92A005E55CB /* ViewController_iPhone.xib */; };
		736FCD6F17DBC92A005E55CB /* ViewController_iPad.xib in Resources */ = {isa = PBXBuildFile; fileRef = 736FCD6D17DBC92A005E55CB /* ViewController_iPad.xib */; };
		736FCD8217DBE2FD005E55CB /* NLLeaderboard.m in Sources */ = {isa = PBXBuildFile; fileRef = 736FCD7E17DBE2FC005E55CB /* NLLeaderboard.m */; };
		736FCD8317DBE2FD005E55CB /* NLLocalPlayer.m in Sources */ = {isa = PBXBuildFile; fileRef = 736FCD7F17DBE2FC005E55CB /* NLLocalPlayer.m */; };
		736FCD8417DBE2FD005E55CB /* NLPlayer.m in Sources */ = {isa = PBXBuildFile; fileRef = 736FCD8017DBE2FD005E55CB /* NLPlayer.m */; };
		736FCD8517DBE2FD005E55CB /* NLScore.m in Sources */ = {isa = PBXBuildFile; fileRef = 736FCD8117DBE2FD005E55CB /* NLScore.m */; };
		736FCDAE17DC0A5F005E55CB /* TApplicationException.m in Sources */ = {isa = PBXBuildFile; fileRef = 736FCD8917DC0A5F005E55CB /* TApplicationException.m */; };
		736FCDAF17DC0A5F005E55CB /* TException.m in Sources */ = {isa = PBXBuildFile; fileRef = 736FCD8B17DC0A5F005E55CB /* TException.m */; };
		736FCDB017DC0A5F005E55CB /* TSharedProcessorFactory.m in Sources */ = {isa = PBXBuildFile; fileRef = 736FCD9017DC0A5F005E55CB /* TSharedProcessorFactory.m */; };
		736FCDB117DC0A5F005E55CB /* TBinaryProtocol.m in Sources */ = {isa = PBXBuildFile; fileRef = 736FCD9417DC0A5F005E55CB /* TBinaryProtocol.m */; };
		736FCDB217DC0A5F005E55CB /* TProtocolException.m in Sources */ = {isa = PBXBuildFile; fileRef = 736FCD9717DC0A5F005E55CB /* TProtocolException.m */; };
		736FCDB317DC0A5F005E55CB /* TProtocolUtil.m in Sources */ = {isa = PBXBuildFile; fileRef = 736FCD9A17DC0A5F005E55CB /* TProtocolUtil.m */; };
		736FCDB417DC0A5F005E55CB /* TSocketServer.m in Sources */ = {isa = PBXBuildFile; fileRef = 736FCD9D17DC0A5F005E55CB /* TSocketServer.m */; };
		736FCDB517DC0A5F005E55CB /* TFramedTransport.m in Sources */ = {isa = PBXBuildFile; fileRef = 736FCDA017DC0A5F005E55CB /* TFramedTransport.m */; };
		736FCDB617DC0A5F005E55CB /* THTTPClient.m in Sources */ = {isa = PBXBuildFile; fileRef = 736FCDA217DC0A5F005E55CB /* THTTPClient.m */; };
		736FCDB717DC0A5F005E55CB /* TMemoryBuffer.m in Sources */ = {isa = PBXBuildFile; fileRef = 736FCDA417DC0A5F005E55CB /* TMemoryBuffer.m */; };
		736FCDB817DC0A5F005E55CB /* TNSFileHandleTransport.m in Sources */ = {isa = PBXBuildFile; fileRef = 736FCDA617DC0A5F005E55CB /* TNSFileHandleTransport.m */; };
		736FCDB917DC0A5F005E55CB /* TNSStreamTransport.m in Sources */ = {isa = PBXBuildFile; fileRef = 736FCDA817DC0A5F005E55CB /* TNSStreamTransport.m */; };
		736FCDBA17DC0A5F005E55CB /* TSocketClient.m in Sources */ = {isa = PBXBuildFile; fileRef = 736FCDAA17DC0A5F005E55CB /* TSocketClient.m */; };
		736FCDBB17DC0A5F005E55CB /* TTransportException.m in Sources */ = {isa = PBXBuildFile; fileRef = 736FCDAD17DC0A5F005E55CB /* TTransportException.m */; };
		736FCDBE17DC2E98005E55CB /* DatabaseService.m in Sources */ = {isa = PBXBuildFile; fileRef = 736FCDBD17DC2E98005E55CB /* DatabaseService.m */; };
		736FCDC317DC3527005E55CB /* NLUtil.m in Sources */ = {isa = PBXBuildFile; fileRef = 736FCDC217DC3527005E55CB /* NLUtil.m */; };
/* End PBXBuildFile section */

/* Begin PBXFileReference section */
		731FDA0217DC4A8E0085EF1F /* NLScorePrivate.h */ = {isa = PBXFileReference; fileEncoding = 4; lastKnownFileType = sourcecode.c.h; path = NLScorePrivate.h; sourceTree = "<group>"; };
		731FDA0317DC4A8E0085EF1F /* NLScorePrivate.m */ = {isa = PBXFileReference; fileEncoding = 4; lastKnownFileType = sourcecode.c.objc; path = NLScorePrivate.m; sourceTree = "<group>"; };
		731FDA0517DC54270085EF1F /* NLTable.h */ = {isa = PBXFileReference; fileEncoding = 4; lastKnownFileType = sourcecode.c.h; path = NLTable.h; sourceTree = "<group>"; };
		731FDA0617DC54270085EF1F /* NLTable.m */ = {isa = PBXFileReference; fileEncoding = 4; lastKnownFileType = sourcecode.c.objc; path = NLTable.m; sourceTree = "<group>"; };
		731FDA0817DC5D8B0085EF1F /* NLDataFormatter.h */ = {isa = PBXFileReference; fileEncoding = 4; lastKnownFileType = sourcecode.c.h; path = NLDataFormatter.h; sourceTree = "<group>"; };
		731FDA0917DC5D8B0085EF1F /* NLDataFormatter.m */ = {isa = PBXFileReference; fileEncoding = 4; lastKnownFileType = sourcecode.c.objc; path = NLDataFormatter.m; sourceTree = "<group>"; };
		736FCD4C17DBC929005E55CB /* objc.app */ = {isa = PBXFileReference; explicitFileType = wrapper.application; includeInIndex = 0; path = objc.app; sourceTree = BUILT_PRODUCTS_DIR; };
		736FCD4F17DBC929005E55CB /* UIKit.framework */ = {isa = PBXFileReference; lastKnownFileType = wrapper.framework; name = UIKit.framework; path = System/Library/Frameworks/UIKit.framework; sourceTree = SDKROOT; };
		736FCD5117DBC929005E55CB /* Foundation.framework */ = {isa = PBXFileReference; lastKnownFileType = wrapper.framework; name = Foundation.framework; path = System/Library/Frameworks/Foundation.framework; sourceTree = SDKROOT; };
		736FCD5317DBC929005E55CB /* CoreGraphics.framework */ = {isa = PBXFileReference; lastKnownFileType = wrapper.framework; name = CoreGraphics.framework; path = System/Library/Frameworks/CoreGraphics.framework; sourceTree = SDKROOT; };
		736FCD5717DBC92A005E55CB /* objc-Info.plist */ = {isa = PBXFileReference; lastKnownFileType = text.plist.xml; path = "objc-Info.plist"; sourceTree = "<group>"; };
		736FCD5917DBC92A005E55CB /* en */ = {isa = PBXFileReference; lastKnownFileType = text.plist.strings; name = en; path = en.lproj/InfoPlist.strings; sourceTree = "<group>"; };
		736FCD5B17DBC92A005E55CB /* main.m */ = {isa = PBXFileReference; lastKnownFileType = sourcecode.c.objc; path = main.m; sourceTree = "<group>"; };
		736FCD5D17DBC92A005E55CB /* objc-Prefix.pch */ = {isa = PBXFileReference; lastKnownFileType = sourcecode.c.h; path = "objc-Prefix.pch"; sourceTree = "<group>"; };
		736FCD5E17DBC92A005E55CB /* AppDelegate.h */ = {isa = PBXFileReference; lastKnownFileType = sourcecode.c.h; path = AppDelegate.h; sourceTree = "<group>"; };
		736FCD5F17DBC92A005E55CB /* AppDelegate.m */ = {isa = PBXFileReference; lastKnownFileType = sourcecode.c.objc; path = AppDelegate.m; sourceTree = "<group>"; };
		736FCD6117DBC92A005E55CB /* Default.png */ = {isa = PBXFileReference; lastKnownFileType = image.png; path = Default.png; sourceTree = "<group>"; };
		736FCD6317DBC92A005E55CB /* Default@2x.png */ = {isa = PBXFileReference; lastKnownFileType = image.png; path = "Default@2x.png"; sourceTree = "<group>"; };
		736FCD6517DBC92A005E55CB /* Default-568h@2x.png */ = {isa = PBXFileReference; lastKnownFileType = image.png; path = "Default-568h@2x.png"; sourceTree = "<group>"; };
		736FCD6717DBC92A005E55CB /* ViewController.h */ = {isa = PBXFileReference; lastKnownFileType = sourcecode.c.h; path = ViewController.h; sourceTree = "<group>"; };
		736FCD6817DBC92A005E55CB /* ViewController.m */ = {isa = PBXFileReference; lastKnownFileType = sourcecode.c.objc; path = ViewController.m; sourceTree = "<group>"; };
		736FCD6B17DBC92A005E55CB /* en */ = {isa = PBXFileReference; lastKnownFileType = file.xib; name = en; path = en.lproj/ViewController_iPhone.xib; sourceTree = "<group>"; };
		736FCD6E17DBC92A005E55CB /* en */ = {isa = PBXFileReference; lastKnownFileType = file.xib; name = en; path = en.lproj/ViewController_iPad.xib; sourceTree = "<group>"; };
		736FCD7717DBCB11005E55CB /* NLLeaderboard.h */ = {isa = PBXFileReference; fileEncoding = 4; lastKnownFileType = sourcecode.c.h; name = NLLeaderboard.h; path = SoTopless/NLLeaderboard.h; sourceTree = "<group>"; };
		736FCD7817DBCB11005E55CB /* NLScore.h */ = {isa = PBXFileReference; fileEncoding = 4; lastKnownFileType = sourcecode.c.h; name = NLScore.h; path = SoTopless/NLScore.h; sourceTree = "<group>"; };
		736FCD7A17DBCC98005E55CB /* NLLocalPlayer.h */ = {isa = PBXFileReference; fileEncoding = 4; lastKnownFileType = sourcecode.c.h; name = NLLocalPlayer.h; path = SoTopless/NLLocalPlayer.h; sourceTree = "<group>"; };
		736FCD7B17DBCC98005E55CB /* NLPlayer.h */ = {isa = PBXFileReference; fileEncoding = 4; lastKnownFileType = sourcecode.c.h; name = NLPlayer.h; path = SoTopless/NLPlayer.h; sourceTree = "<group>"; };
		736FCD7C17DBCFF9005E55CB /* NLDefines.h */ = {isa = PBXFileReference; fileEncoding = 4; lastKnownFileType = sourcecode.c.h; name = NLDefines.h; path = SoTopless/NLDefines.h; sourceTree = "<group>"; };
		736FCD7D17DBD44A005E55CB /* NLError.h */ = {isa = PBXFileReference; fileEncoding = 4; lastKnownFileType = sourcecode.c.h; name = NLError.h; path = SoTopless/NLError.h; sourceTree = "<group>"; };
		736FCD7E17DBE2FC005E55CB /* NLLeaderboard.m */ = {isa = PBXFileReference; fileEncoding = 4; lastKnownFileType = sourcecode.c.objc; path = NLLeaderboard.m; sourceTree = "<group>"; };
		736FCD7F17DBE2FC005E55CB /* NLLocalPlayer.m */ = {isa = PBXFileReference; fileEncoding = 4; lastKnownFileType = sourcecode.c.objc; path = NLLocalPlayer.m; sourceTree = "<group>"; };
		736FCD8017DBE2FD005E55CB /* NLPlayer.m */ = {isa = PBXFileReference; fileEncoding = 4; lastKnownFileType = sourcecode.c.objc; path = NLPlayer.m; sourceTree = "<group>"; };
		736FCD8117DBE2FD005E55CB /* NLScore.m */ = {isa = PBXFileReference; fileEncoding = 4; lastKnownFileType = sourcecode.c.objc; path = NLScore.m; sourceTree = "<group>"; };
		736FCD8617DBE5F1005E55CB /* NLSoTopless.h */ = {isa = PBXFileReference; lastKnownFileType = sourcecode.c.h; path = NLSoTopless.h; sourceTree = "<group>"; };
		736FCD8817DC0A5F005E55CB /* TApplicationException.h */ = {isa = PBXFileReference; fileEncoding = 4; lastKnownFileType = sourcecode.c.h; path = TApplicationException.h; sourceTree = "<group>"; };
		736FCD8917DC0A5F005E55CB /* TApplicationException.m */ = {isa = PBXFileReference; fileEncoding = 4; lastKnownFileType = sourcecode.c.objc; path = TApplicationException.m; sourceTree = "<group>"; };
		736FCD8A17DC0A5F005E55CB /* TException.h */ = {isa = PBXFileReference; fileEncoding = 4; lastKnownFileType = sourcecode.c.h; path = TException.h; sourceTree = "<group>"; };
		736FCD8B17DC0A5F005E55CB /* TException.m */ = {isa = PBXFileReference; fileEncoding = 4; lastKnownFileType = sourcecode.c.objc; path = TException.m; sourceTree = "<group>"; };
		736FCD8C17DC0A5F005E55CB /* TObjective-C.h */ = {isa = PBXFileReference; fileEncoding = 4; lastKnownFileType = sourcecode.c.h; path = "TObjective-C.h"; sourceTree = "<group>"; };
		736FCD8D17DC0A5F005E55CB /* TProcessor.h */ = {isa = PBXFileReference; fileEncoding = 4; lastKnownFileType = sourcecode.c.h; path = TProcessor.h; sourceTree = "<group>"; };
		736FCD8E17DC0A5F005E55CB /* TProcessorFactory.h */ = {isa = PBXFileReference; fileEncoding = 4; lastKnownFileType = sourcecode.c.h; path = TProcessorFactory.h; sourceTree = "<group>"; };
		736FCD8F17DC0A5F005E55CB /* TSharedProcessorFactory.h */ = {isa = PBXFileReference; fileEncoding = 4; lastKnownFileType = sourcecode.c.h; path = TSharedProcessorFactory.h; sourceTree = "<group>"; };
		736FCD9017DC0A5F005E55CB /* TSharedProcessorFactory.m */ = {isa = PBXFileReference; fileEncoding = 4; lastKnownFileType = sourcecode.c.objc; path = TSharedProcessorFactory.m; sourceTree = "<group>"; };
		736FCD9217DC0A5F005E55CB /* TBase.h */ = {isa = PBXFileReference; fileEncoding = 4; lastKnownFileType = sourcecode.c.h; path = TBase.h; sourceTree = "<group>"; };
		736FCD9317DC0A5F005E55CB /* TBinaryProtocol.h */ = {isa = PBXFileReference; fileEncoding = 4; lastKnownFileType = sourcecode.c.h; path = TBinaryProtocol.h; sourceTree = "<group>"; };
		736FCD9417DC0A5F005E55CB /* TBinaryProtocol.m */ = {isa = PBXFileReference; fileEncoding = 4; lastKnownFileType = sourcecode.c.objc; path = TBinaryProtocol.m; sourceTree = "<group>"; };
		736FCD9517DC0A5F005E55CB /* TProtocol.h */ = {isa = PBXFileReference; fileEncoding = 4; lastKnownFileType = sourcecode.c.h; path = TProtocol.h; sourceTree = "<group>"; };
		736FCD9617DC0A5F005E55CB /* TProtocolException.h */ = {isa = PBXFileReference; fileEncoding = 4; lastKnownFileType = sourcecode.c.h; path = TProtocolException.h; sourceTree = "<group>"; };
		736FCD9717DC0A5F005E55CB /* TProtocolException.m */ = {isa = PBXFileReference; fileEncoding = 4; lastKnownFileType = sourcecode.c.objc; path = TProtocolException.m; sourceTree = "<group>"; };
		736FCD9817DC0A5F005E55CB /* TProtocolFactory.h */ = {isa = PBXFileReference; fileEncoding = 4; lastKnownFileType = sourcecode.c.h; path = TProtocolFactory.h; sourceTree = "<group>"; };
		736FCD9917DC0A5F005E55CB /* TProtocolUtil.h */ = {isa = PBXFileReference; fileEncoding = 4; lastKnownFileType = sourcecode.c.h; path = TProtocolUtil.h; sourceTree = "<group>"; };
		736FCD9A17DC0A5F005E55CB /* TProtocolUtil.m */ = {isa = PBXFileReference; fileEncoding = 4; lastKnownFileType = sourcecode.c.objc; path = TProtocolUtil.m; sourceTree = "<group>"; };
		736FCD9C17DC0A5F005E55CB /* TSocketServer.h */ = {isa = PBXFileReference; fileEncoding = 4; lastKnownFileType = sourcecode.c.h; path = TSocketServer.h; sourceTree = "<group>"; };
		736FCD9D17DC0A5F005E55CB /* TSocketServer.m */ = {isa = PBXFileReference; fileEncoding = 4; lastKnownFileType = sourcecode.c.objc; path = TSocketServer.m; sourceTree = "<group>"; };
		736FCD9F17DC0A5F005E55CB /* TFramedTransport.h */ = {isa = PBXFileReference; fileEncoding = 4; lastKnownFileType = sourcecode.c.h; path = TFramedTransport.h; sourceTree = "<group>"; };
		736FCDA017DC0A5F005E55CB /* TFramedTransport.m */ = {isa = PBXFileReference; fileEncoding = 4; lastKnownFileType = sourcecode.c.objc; path = TFramedTransport.m; sourceTree = "<group>"; };
		736FCDA117DC0A5F005E55CB /* THTTPClient.h */ = {isa = PBXFileReference; fileEncoding = 4; lastKnownFileType = sourcecode.c.h; path = THTTPClient.h; sourceTree = "<group>"; };
		736FCDA217DC0A5F005E55CB /* THTTPClient.m */ = {isa = PBXFileReference; fileEncoding = 4; lastKnownFileType = sourcecode.c.objc; path = THTTPClient.m; sourceTree = "<group>"; };
		736FCDA317DC0A5F005E55CB /* TMemoryBuffer.h */ = {isa = PBXFileReference; fileEncoding = 4; lastKnownFileType = sourcecode.c.h; path = TMemoryBuffer.h; sourceTree = "<group>"; };
		736FCDA417DC0A5F005E55CB /* TMemoryBuffer.m */ = {isa = PBXFileReference; fileEncoding = 4; lastKnownFileType = sourcecode.c.objc; path = TMemoryBuffer.m; sourceTree = "<group>"; };
		736FCDA517DC0A5F005E55CB /* TNSFileHandleTransport.h */ = {isa = PBXFileReference; fileEncoding = 4; lastKnownFileType = sourcecode.c.h; path = TNSFileHandleTransport.h; sourceTree = "<group>"; };
		736FCDA617DC0A5F005E55CB /* TNSFileHandleTransport.m */ = {isa = PBXFileReference; fileEncoding = 4; lastKnownFileType = sourcecode.c.objc; path = TNSFileHandleTransport.m; sourceTree = "<group>"; };
		736FCDA717DC0A5F005E55CB /* TNSStreamTransport.h */ = {isa = PBXFileReference; fileEncoding = 4; lastKnownFileType = sourcecode.c.h; path = TNSStreamTransport.h; sourceTree = "<group>"; };
		736FCDA817DC0A5F005E55CB /* TNSStreamTransport.m */ = {isa = PBXFileReference; fileEncoding = 4; lastKnownFileType = sourcecode.c.objc; path = TNSStreamTransport.m; sourceTree = "<group>"; };
		736FCDA917DC0A5F005E55CB /* TSocketClient.h */ = {isa = PBXFileReference; fileEncoding = 4; lastKnownFileType = sourcecode.c.h; path = TSocketClient.h; sourceTree = "<group>"; };
		736FCDAA17DC0A5F005E55CB /* TSocketClient.m */ = {isa = PBXFileReference; fileEncoding = 4; lastKnownFileType = sourcecode.c.objc; path = TSocketClient.m; sourceTree = "<group>"; };
		736FCDAB17DC0A5F005E55CB /* TTransport.h */ = {isa = PBXFileReference; fileEncoding = 4; lastKnownFileType = sourcecode.c.h; path = TTransport.h; sourceTree = "<group>"; };
		736FCDAC17DC0A5F005E55CB /* TTransportException.h */ = {isa = PBXFileReference; fileEncoding = 4; lastKnownFileType = sourcecode.c.h; path = TTransportException.h; sourceTree = "<group>"; };
		736FCDAD17DC0A5F005E55CB /* TTransportException.m */ = {isa = PBXFileReference; fileEncoding = 4; lastKnownFileType = sourcecode.c.objc; path = TTransportException.m; sourceTree = "<group>"; };
		736FCDBC17DC2E98005E55CB /* DatabaseService.h */ = {isa = PBXFileReference; fileEncoding = 4; lastKnownFileType = sourcecode.c.h; name = DatabaseService.h; path = "thrift-gen/gen-cocoa/DatabaseService.h"; sourceTree = "<group>"; };
		736FCDBD17DC2E98005E55CB /* DatabaseService.m */ = {isa = PBXFileReference; fileEncoding = 4; lastKnownFileType = sourcecode.c.objc; name = DatabaseService.m; path = "thrift-gen/gen-cocoa/DatabaseService.m"; sourceTree = "<group>"; };
		736FCDC117DC3526005E55CB /* NLUtil.h */ = {isa = PBXFileReference; fileEncoding = 4; lastKnownFileType = sourcecode.c.h; path = NLUtil.h; sourceTree = "<group>"; };
		736FCDC217DC3527005E55CB /* NLUtil.m */ = {isa = PBXFileReference; fileEncoding = 4; lastKnownFileType = sourcecode.c.objc; path = NLUtil.m; sourceTree = "<group>"; };
/* End PBXFileReference section */

/* Begin PBXFrameworksBuildPhase section */
		736FCD4917DBC929005E55CB /* Frameworks */ = {
			isa = PBXFrameworksBuildPhase;
			buildActionMask = 2147483647;
			files = (
				736FCD5017DBC929005E55CB /* UIKit.framework in Frameworks */,
				736FCD5217DBC929005E55CB /* Foundation.framework in Frameworks */,
				736FCD5417DBC929005E55CB /* CoreGraphics.framework in Frameworks */,
			);
			runOnlyForDeploymentPostprocessing = 0;
		};
/* End PBXFrameworksBuildPhase section */

/* Begin PBXGroup section */
		736FCD4317DBC929005E55CB = {
			isa = PBXGroup;
			children = (
				731FDA0817DC5D8B0085EF1F /* NLDataFormatter.h */,
				731FDA0917DC5D8B0085EF1F /* NLDataFormatter.m */,
				731FDA0517DC54270085EF1F /* NLTable.h */,
				731FDA0617DC54270085EF1F /* NLTable.m */,
				731FDA0217DC4A8E0085EF1F /* NLScorePrivate.h */,
				731FDA0317DC4A8E0085EF1F /* NLScorePrivate.m */,
				736FCD5517DBC929005E55CB /* objc */,
				736FCD4E17DBC929005E55CB /* Frameworks */,
				736FCD4D17DBC929005E55CB /* Products */,
			);
			sourceTree = "<group>";
		};
		736FCD4D17DBC929005E55CB /* Products */ = {
			isa = PBXGroup;
			children = (
				736FCD4C17DBC929005E55CB /* objc.app */,
			);
			name = Products;
			sourceTree = "<group>";
		};
		736FCD4E17DBC929005E55CB /* Frameworks */ = {
			isa = PBXGroup;
			children = (
				736FCD4F17DBC929005E55CB /* UIKit.framework */,
				736FCD5117DBC929005E55CB /* Foundation.framework */,
				736FCD5317DBC929005E55CB /* CoreGraphics.framework */,
			);
			name = Frameworks;
			sourceTree = "<group>";
		};
		736FCD5517DBC929005E55CB /* objc */ = {
			isa = PBXGroup;
			children = (
				736FCDBF17DC2EA3005E55CB /* thrift-gen */,
				736FCD8717DC0A5F005E55CB /* src */,
				736FCD7E17DBE2FC005E55CB /* NLLeaderboard.m */,
				736FCD7F17DBE2FC005E55CB /* NLLocalPlayer.m */,
				736FCD8017DBE2FD005E55CB /* NLPlayer.m */,
				736FCD8117DBE2FD005E55CB /* NLScore.m */,
				736FCD7917DBCB24005E55CB /* SoTopless */,
				736FCD5E17DBC92A005E55CB /* AppDelegate.h */,
				736FCD5F17DBC92A005E55CB /* AppDelegate.m */,
				736FCD6717DBC92A005E55CB /* ViewController.h */,
				736FCD6817DBC92A005E55CB /* ViewController.m */,
				736FCD6A17DBC92A005E55CB /* ViewController_iPhone.xib */,
				736FCD6D17DBC92A005E55CB /* ViewController_iPad.xib */,
				736FCD5617DBC92A005E55CB /* Supporting Files */,
				736FCDC117DC3526005E55CB /* NLUtil.h */,
				736FCDC217DC3527005E55CB /* NLUtil.m */,
			);
			path = objc;
			sourceTree = "<group>";
		};
		736FCD5617DBC92A005E55CB /* Supporting Files */ = {
			isa = PBXGroup;
			children = (
				736FCD5717DBC92A005E55CB /* objc-Info.plist */,
				736FCD5817DBC92A005E55CB /* InfoPlist.strings */,
				736FCD5B17DBC92A005E55CB /* main.m */,
				736FCD5D17DBC92A005E55CB /* objc-Prefix.pch */,
				736FCD6117DBC92A005E55CB /* Default.png */,
				736FCD6317DBC92A005E55CB /* Default@2x.png */,
				736FCD6517DBC92A005E55CB /* Default-568h@2x.png */,
			);
			name = "Supporting Files";
			sourceTree = "<group>";
		};
		736FCD7917DBCB24005E55CB /* SoTopless */ = {
			isa = PBXGroup;
			children = (
				736FCD7D17DBD44A005E55CB /* NLError.h */,
				736FCD7C17DBCFF9005E55CB /* NLDefines.h */,
				736FCD7A17DBCC98005E55CB /* NLLocalPlayer.h */,
				736FCD7B17DBCC98005E55CB /* NLPlayer.h */,
				736FCD7717DBCB11005E55CB /* NLLeaderboard.h */,
				736FCD7817DBCB11005E55CB /* NLScore.h */,
				736FCD8617DBE5F1005E55CB /* NLSoTopless.h */,
			);
			name = SoTopless;
			sourceTree = "<group>";
		};
		736FCD8717DC0A5F005E55CB /* src */ = {
			isa = PBXGroup;
			children = (
				736FCD8817DC0A5F005E55CB /* TApplicationException.h */,
				736FCD8917DC0A5F005E55CB /* TApplicationException.m */,
				736FCD8A17DC0A5F005E55CB /* TException.h */,
				736FCD8B17DC0A5F005E55CB /* TException.m */,
				736FCD8C17DC0A5F005E55CB /* TObjective-C.h */,
				736FCD8D17DC0A5F005E55CB /* TProcessor.h */,
				736FCD8E17DC0A5F005E55CB /* TProcessorFactory.h */,
				736FCD8F17DC0A5F005E55CB /* TSharedProcessorFactory.h */,
				736FCD9017DC0A5F005E55CB /* TSharedProcessorFactory.m */,
				736FCD9117DC0A5F005E55CB /* protocol */,
				736FCD9B17DC0A5F005E55CB /* server */,
				736FCD9E17DC0A5F005E55CB /* transport */,
			);
			path = src;
			sourceTree = "<group>";
		};
		736FCD9117DC0A5F005E55CB /* protocol */ = {
			isa = PBXGroup;
			children = (
				736FCD9217DC0A5F005E55CB /* TBase.h */,
				736FCD9317DC0A5F005E55CB /* TBinaryProtocol.h */,
				736FCD9417DC0A5F005E55CB /* TBinaryProtocol.m */,
				736FCD9517DC0A5F005E55CB /* TProtocol.h */,
				736FCD9617DC0A5F005E55CB /* TProtocolException.h */,
				736FCD9717DC0A5F005E55CB /* TProtocolException.m */,
				736FCD9817DC0A5F005E55CB /* TProtocolFactory.h */,
				736FCD9917DC0A5F005E55CB /* TProtocolUtil.h */,
				736FCD9A17DC0A5F005E55CB /* TProtocolUtil.m */,
			);
			path = protocol;
			sourceTree = "<group>";
		};
		736FCD9B17DC0A5F005E55CB /* server */ = {
			isa = PBXGroup;
			children = (
				736FCD9C17DC0A5F005E55CB /* TSocketServer.h */,
				736FCD9D17DC0A5F005E55CB /* TSocketServer.m */,
			);
			path = server;
			sourceTree = "<group>";
		};
		736FCD9E17DC0A5F005E55CB /* transport */ = {
			isa = PBXGroup;
			children = (
				736FCD9F17DC0A5F005E55CB /* TFramedTransport.h */,
				736FCDA017DC0A5F005E55CB /* TFramedTransport.m */,
				736FCDA117DC0A5F005E55CB /* THTTPClient.h */,
				736FCDA217DC0A5F005E55CB /* THTTPClient.m */,
				736FCDA317DC0A5F005E55CB /* TMemoryBuffer.h */,
				736FCDA417DC0A5F005E55CB /* TMemoryBuffer.m */,
				736FCDA517DC0A5F005E55CB /* TNSFileHandleTransport.h */,
				736FCDA617DC0A5F005E55CB /* TNSFileHandleTransport.m */,
				736FCDA717DC0A5F005E55CB /* TNSStreamTransport.h */,
				736FCDA817DC0A5F005E55CB /* TNSStreamTransport.m */,
				736FCDA917DC0A5F005E55CB /* TSocketClient.h */,
				736FCDAA17DC0A5F005E55CB /* TSocketClient.m */,
				736FCDAB17DC0A5F005E55CB /* TTransport.h */,
				736FCDAC17DC0A5F005E55CB /* TTransportException.h */,
				736FCDAD17DC0A5F005E55CB /* TTransportException.m */,
			);
			path = transport;
			sourceTree = "<group>";
		};
		736FCDBF17DC2EA3005E55CB /* thrift-gen */ = {
			isa = PBXGroup;
			children = (
				736FCDBC17DC2E98005E55CB /* DatabaseService.h */,
				736FCDBD17DC2E98005E55CB /* DatabaseService.m */,
			);
			name = "thrift-gen";
			sourceTree = "<group>";
		};
/* End PBXGroup section */

/* Begin PBXNativeTarget section */
		736FCD4B17DBC929005E55CB /* objc */ = {
			isa = PBXNativeTarget;
			buildConfigurationList = 736FCD7217DBC92A005E55CB /* Build configuration list for PBXNativeTarget "objc" */;
			buildPhases = (
				736FCD4817DBC929005E55CB /* Sources */,
				736FCD4917DBC929005E55CB /* Frameworks */,
				736FCD4A17DBC929005E55CB /* Resources */,
			);
			buildRules = (
			);
			dependencies = (
			);
			name = objc;
			productName = objc;
			productReference = 736FCD4C17DBC929005E55CB /* objc.app */;
			productType = "com.apple.product-type.application";
		};
/* End PBXNativeTarget section */

/* Begin PBXProject section */
		736FCD4417DBC929005E55CB /* Project object */ = {
			isa = PBXProject;
			attributes = {
				LastUpgradeCheck = 0460;
				ORGANIZATIONNAME = ThankyouSoft;
			};
			buildConfigurationList = 736FCD4717DBC929005E55CB /* Build configuration list for PBXProject "objc" */;
			compatibilityVersion = "Xcode 3.2";
			developmentRegion = English;
			hasScannedForEncodings = 0;
			knownRegions = (
				en,
			);
			mainGroup = 736FCD4317DBC929005E55CB;
			productRefGroup = 736FCD4D17DBC929005E55CB /* Products */;
			projectDirPath = "";
			projectRoot = "";
			targets = (
				736FCD4B17DBC929005E55CB /* objc */,
			);
		};
/* End PBXProject section */

/* Begin PBXResourcesBuildPhase section */
		736FCD4A17DBC929005E55CB /* Resources */ = {
			isa = PBXResourcesBuildPhase;
			buildActionMask = 2147483647;
			files = (
				736FCD5A17DBC92A005E55CB /* InfoPlist.strings in Resources */,
				736FCD6217DBC92A005E55CB /* Default.png in Resources */,
				736FCD6417DBC92A005E55CB /* Default@2x.png in Resources */,
				736FCD6617DBC92A005E55CB /* Default-568h@2x.png in Resources */,
				736FCD6C17DBC92A005E55CB /* ViewController_iPhone.xib in Resources */,
				736FCD6F17DBC92A005E55CB /* ViewController_iPad.xib in Resources */,
			);
			runOnlyForDeploymentPostprocessing = 0;
		};
/* End PBXResourcesBuildPhase section */

/* Begin PBXSourcesBuildPhase section */
		736FCD4817DBC929005E55CB /* Sources */ = {
			isa = PBXSourcesBuildPhase;
			buildActionMask = 2147483647;
			files = (
				736FCD5C17DBC92A005E55CB /* main.m in Sources */,
				736FCD6017DBC92A005E55CB /* AppDelegate.m in Sources */,
				736FCD6917DBC92A005E55CB /* ViewController.m in Sources */,
				736FCD8217DBE2FD005E55CB /* NLLeaderboard.m in Sources */,
				736FCD8317DBE2FD005E55CB /* NLLocalPlayer.m in Sources */,
				736FCD8417DBE2FD005E55CB /* NLPlayer.m in Sources */,
				736FCD8517DBE2FD005E55CB /* NLScore.m in Sources */,
				736FCDAE17DC0A5F005E55CB /* TApplicationException.m in Sources */,
				736FCDAF17DC0A5F005E55CB /* TException.m in Sources */,
				736FCDB017DC0A5F005E55CB /* TSharedProcessorFactory.m in Sources */,
				736FCDB117DC0A5F005E55CB /* TBinaryProtocol.m in Sources */,
				736FCDB217DC0A5F005E55CB /* TProtocolException.m in Sources */,
				736FCDB317DC0A5F005E55CB /* TProtocolUtil.m in Sources */,
				736FCDB417DC0A5F005E55CB /* TSocketServer.m in Sources */,
				736FCDB517DC0A5F005E55CB /* TFramedTransport.m in Sources */,
				736FCDB617DC0A5F005E55CB /* THTTPClient.m in Sources */,
				736FCDB717DC0A5F005E55CB /* TMemoryBuffer.m in Sources */,
				736FCDB817DC0A5F005E55CB /* TNSFileHandleTransport.m in Sources */,
				736FCDB917DC0A5F005E55CB /* TNSStreamTransport.m in Sources */,
				736FCDBA17DC0A5F005E55CB /* TSocketClient.m in Sources */,
				736FCDBB17DC0A5F005E55CB /* TTransportException.m in Sources */,
				736FCDBE17DC2E98005E55CB /* DatabaseService.m in Sources */,
				736FCDC317DC3527005E55CB /* NLUtil.m in Sources */,
				731FDA0417DC4A8E0085EF1F /* NLScorePrivate.m in Sources */,
				731FDA0717DC54270085EF1F /* NLTable.m in Sources */,
				731FDA0A17DC5D8B0085EF1F /* NLDataFormatter.m in Sources */,
			);
			runOnlyForDeploymentPostprocessing = 0;
		};
/* End PBXSourcesBuildPhase section */

/* Begin PBXVariantGroup section */
		736FCD5817DBC92A005E55CB /* InfoPlist.strings */ = {
			isa = PBXVariantGroup;
			children = (
				736FCD5917DBC92A005E55CB /* en */,
			);
			name = InfoPlist.strings;
			sourceTree = "<group>";
		};
		736FCD6A17DBC92A005E55CB /* ViewController_iPhone.xib */ = {
			isa = PBXVariantGroup;
			children = (
				736FCD6B17DBC92A005E55CB /* en */,
			);
			name = ViewController_iPhone.xib;
			sourceTree = "<group>";
		};
		736FCD6D17DBC92A005E55CB /* ViewController_iPad.xib */ = {
			isa = PBXVariantGroup;
			children = (
				736FCD6E17DBC92A005E55CB /* en */,
			);
			name = ViewController_iPad.xib;
			sourceTree = "<group>";
		};
/* End PBXVariantGroup section */

/* Begin XCBuildConfiguration section */
		736FCD7017DBC92A005E55CB /* Debug */ = {
			isa = XCBuildConfiguration;
			buildSettings = {
				ALWAYS_SEARCH_USER_PATHS = NO;
				CLANG_CXX_LANGUAGE_STANDARD = "gnu++0x";
				CLANG_CXX_LIBRARY = "libc++";
				CLANG_WARN_CONSTANT_CONVERSION = YES;
				CLANG_WARN_EMPTY_BODY = YES;
				CLANG_WARN_ENUM_CONVERSION = YES;
				CLANG_WARN_INT_CONVERSION = YES;
				CLANG_WARN__DUPLICATE_METHOD_MATCH = YES;
				"CODE_SIGN_IDENTITY[sdk=iphoneos*]" = "iPhone Developer";
				COPY_PHASE_STRIP = NO;
				GCC_C_LANGUAGE_STANDARD = gnu99;
				GCC_DYNAMIC_NO_PIC = NO;
				GCC_OPTIMIZATION_LEVEL = 0;
				GCC_PREPROCESSOR_DEFINITIONS = (
					"DEBUG=1",
					"$(inherited)",
				);
				GCC_SYMBOLS_PRIVATE_EXTERN = NO;
				GCC_WARN_ABOUT_RETURN_TYPE = YES;
				GCC_WARN_UNINITIALIZED_AUTOS = YES;
				GCC_WARN_UNUSED_VARIABLE = YES;
				IPHONEOS_DEPLOYMENT_TARGET = 6.1;
				ONLY_ACTIVE_ARCH = YES;
				SDKROOT = iphoneos;
				TARGETED_DEVICE_FAMILY = "1,2";
			};
			name = Debug;
		};
		736FCD7117DBC92A005E55CB /* Release */ = {
			isa = XCBuildConfiguration;
			buildSettings = {
				ALWAYS_SEARCH_USER_PATHS = NO;
				CLANG_CXX_LANGUAGE_STANDARD = "gnu++0x";
				CLANG_CXX_LIBRARY = "libc++";
				CLANG_WARN_CONSTANT_CONVERSION = YES;
				CLANG_WARN_EMPTY_BODY = YES;
				CLANG_WARN_ENUM_CONVERSION = YES;
				CLANG_WARN_INT_CONVERSION = YES;
				CLANG_WARN__DUPLICATE_METHOD_MATCH = YES;
				"CODE_SIGN_IDENTITY[sdk=iphoneos*]" = "iPhone Developer";
				COPY_PHASE_STRIP = YES;
				GCC_C_LANGUAGE_STANDARD = gnu99;
				GCC_WARN_ABOUT_RETURN_TYPE = YES;
				GCC_WARN_UNINITIALIZED_AUTOS = YES;
				GCC_WARN_UNUSED_VARIABLE = YES;
				IPHONEOS_DEPLOYMENT_TARGET = 6.1;
				OTHER_CFLAGS = "-DNS_BLOCK_ASSERTIONS=1";
				SDKROOT = iphoneos;
				TARGETED_DEVICE_FAMILY = "1,2";
				VALIDATE_PRODUCT = YES;
			};
			name = Release;
		};
		736FCD7317DBC92A005E55CB /* Debug */ = {
			isa = XCBuildConfiguration;
			buildSettings = {
				GCC_PRECOMPILE_PREFIX_HEADER = YES;
				GCC_PREFIX_HEADER = "objc/objc-Prefix.pch";
				HEADER_SEARCH_PATHS = /Users/ilvsusie/sotopless/src/ios/objc;
				INFOPLIST_FILE = "objc/objc-Info.plist";
				PRODUCT_NAME = "$(TARGET_NAME)";
				WRAPPER_EXTENSION = app;
			};
			name = Debug;
		};
		736FCD7417DBC92A005E55CB /* Release */ = {
			isa = XCBuildConfiguration;
			buildSettings = {
				GCC_PRECOMPILE_PREFIX_HEADER = YES;
				GCC_PREFIX_HEADER = "objc/objc-Prefix.pch";
				HEADER_SEARCH_PATHS = /Users/ilvsusie/sotopless/src/ios/objc;
				INFOPLIST_FILE = "objc/objc-Info.plist";
				PRODUCT_NAME = "$(TARGET_NAME)";
				WRAPPER_EXTENSION = app;
			};
			name = Release;
		};
/* End XCBuildConfiguration section */

/* Begin XCConfigurationList section */
		736FCD4717DBC929005E55CB /* Build configuration list for PBXProject "objc" */ = {
			isa = XCConfigurationList;
			buildConfigurations = (
				736FCD7017DBC92A005E55CB /* Debug */,
				736FCD7117DBC92A005E55CB /* Release */,
			);
			defaultConfigurationIsVisible = 0;
			defaultConfigurationName = Release;
		};
		736FCD7217DBC92A005E55CB /* Build configuration list for PBXNativeTarget "objc" */ = {
			isa = XCConfigurationList;
			buildConfigurations = (
				736FCD7317DBC92A005E55CB /* Debug */,
				736FCD7417DBC92A005E55CB /* Release */,
			);
			defaultConfigurationIsVisible = 0;
			defaultConfigurationName = Release;
		};
/* End XCConfigurationList section */
	};
	rootObject = 736FCD4417DBC929005E55CB /* Project object */;
}
